
Microsoft Visual Studio Solution File, Format Version 12.00
# Visual Studio Version 16
VisualStudioVersion = 16.0.30204.135
MinimumVisualStudioVersion = 10.0.40219.1
Project("{9A19103F-16F7-4668-BE54-9A1E7A4F7556}") = "Jyz.Api", "Jyz.Api\Jyz.Api.csproj", "{56EADFAC-05E8-480C-8456-7B875E4F8049}"
EndProject
Project("{9A19103F-16F7-4668-BE54-9A1E7A4F7556}") = "Jyz.Domain", "Jyz.Domain\Jyz.Domain.csproj", "{788443C1-0D39-403C-885F-BE1D22A27EBE}"
EndProject
Project("{2150E333-8FDC-42A3-9474-1A3956D46DE8}") = "01-Presentation", "01-Presentation", "{CD310E46-FDDA-4A8B-8CAA-9A6903BF7BC8}"
EndProject
Project("{2150E333-8FDC-42A3-9474-1A3956D46DE8}") = "03-Application", "03-Application", "{C0940068-24A2-4C45-B186-9FC33F9D8AB3}"
EndProject
Project("{2150E333-8FDC-42A3-9474-1A3956D46DE8}") = "04-Domain", "04-Domain", "{A23F1CFA-35AE-4FA7-9BA1-CF3345BBF765}"
EndProject
Project("{2150E333-8FDC-42A3-9474-1A3956D46DE8}") = "05-Infrastructure", "05-Infrastructure", "{3E50C573-372D-42F2-94B3-33B2E8C978F4}"
EndProject
Project("{9A19103F-16F7-4668-BE54-9A1E7A4F7556}") = "Jyz.Application", "Jyz.Application\Jyz.Application.csproj", "{B94739F9-A78C-442F-AAB0-88AA140428BB}"
EndProject
Project("{9A19103F-16F7-4668-BE54-9A1E7A4F7556}") = "Jyz.Infrastructure.Data", "Jyz.Infrastructure.Data\Jyz.Infrastructure.Data.csproj", "{026DBDDB-1EBB-48AE-AA41-A31AA66D5AA6}"
EndProject
Project("{9A19103F-16F7-4668-BE54-9A1E7A4F7556}") = "Jyz.Infrastructure", "Jyz.Infrastructure\Jyz.Infrastructure.csproj", "{2B7194BE-D7F5-459B-8738-F086BD0CF413}"
EndProject
Project("{2150E333-8FDC-42A3-9474-1A3956D46DE8}") = "02-Services", "02-Services", "{B6372158-5246-4711-811B-CC9E7CAEF92F}"
EndProject
Project("{FAE04EC0-301F-11D3-BF4B-00C04F79EFBC}") = "Jyz.Infrastructure.Repository", "Jyz.Infrastructure.Repository\Jyz.Infrastructure.Repository.csproj", "{2E708B46-8BED-4F82-9837-82EB8EE68D86}"
EndProject
Global
	GlobalSection(SolutionConfigurationPlatforms) = preSolution
		Debug|Any CPU = Debug|Any CPU
		Release|Any CPU = Release|Any CPU
	EndGlobalSection
	GlobalSection(ProjectConfigurationPlatforms) = postSolution
		{56EADFAC-05E8-480C-8456-7B875E4F8049}.Debug|Any CPU.ActiveCfg = Debug|Any CPU
		{56EADFAC-05E8-480C-8456-7B875E4F8049}.Debug|Any CPU.Build.0 = Debug|Any CPU
		{56EADFAC-05E8-480C-8456-7B875E4F8049}.Release|Any CPU.ActiveCfg = Release|Any CPU
		{56EADFAC-05E8-480C-8456-7B875E4F8049}.Release|Any CPU.Build.0 = Release|Any CPU
		{788443C1-0D39-403C-885F-BE1D22A27EBE}.Debug|Any CPU.ActiveCfg = Debug|Any CPU
		{788443C1-0D39-403C-885F-BE1D22A27EBE}.Debug|Any CPU.Build.0 = Debug|Any CPU
		{788443C1-0D39-403C-885F-BE1D22A27EBE}.Release|Any CPU.ActiveCfg = Release|Any CPU
		{788443C1-0D39-403C-885F-BE1D22A27EBE}.Release|Any CPU.Build.0 = Release|Any CPU
		{B94739F9-A78C-442F-AAB0-88AA140428BB}.Debug|Any CPU.ActiveCfg = Debug|Any CPU
		{B94739F9-A78C-442F-AAB0-88AA140428BB}.Debug|Any CPU.Build.0 = Debug|Any CPU
		{B94739F9-A78C-442F-AAB0-88AA140428BB}.Release|Any CPU.ActiveCfg = Release|Any CPU
		{B94739F9-A78C-442F-AAB0-88AA140428BB}.Release|Any CPU.Build.0 = Release|Any CPU
		{026DBDDB-1EBB-48AE-AA41-A31AA66D5AA6}.Debug|Any CPU.ActiveCfg = Debug|Any CPU
		{026DBDDB-1EBB-48AE-AA41-A31AA66D5AA6}.Debug|Any CPU.Build.0 = Debug|Any CPU
		{026DBDDB-1EBB-48AE-AA41-A31AA66D5AA6}.Release|Any CPU.ActiveCfg = Release|Any CPU
		{026DBDDB-1EBB-48AE-AA41-A31AA66D5AA6}.Release|Any CPU.Build.0 = Release|Any CPU
		{2B7194BE-D7F5-459B-8738-F086BD0CF413}.Debug|Any CPU.ActiveCfg = Debug|Any CPU
		{2B7194BE-D7F5-459B-8738-F086BD0CF413}.Debug|Any CPU.Build.0 = Debug|Any CPU
		{2B7194BE-D7F5-459B-8738-F086BD0CF413}.Release|Any CPU.ActiveCfg = Release|Any CPU
		{2B7194BE-D7F5-459B-8738-F086BD0CF413}.Release|Any CPU.Build.0 = Release|Any CPU
		{2E708B46-8BED-4F82-9837-82EB8EE68D86}.Debug|Any CPU.ActiveCfg = Debug|Any CPU
		{2E708B46-8BED-4F82-9837-82EB8EE68D86}.Debug|Any CPU.Build.0 = Debug|Any CPU
		{2E708B46-8BED-4F82-9837-82EB8EE68D86}.Release|Any CPU.ActiveCfg = Release|Any CPU
		{2E708B46-8BED-4F82-9837-82EB8EE68D86}.Release|Any CPU.Build.0 = Release|Any CPU
	EndGlobalSection
	GlobalSection(SolutionProperties) = preSolution
		HideSolutionNode = FALSE
	EndGlobalSection
	GlobalSection(NestedProjects) = preSolution
		{56EADFAC-05E8-480C-8456-7B875E4F8049} = {B6372158-5246-4711-811B-CC9E7CAEF92F}
		{788443C1-0D39-403C-885F-BE1D22A27EBE} = {A23F1CFA-35AE-4FA7-9BA1-CF3345BBF765}
		{B94739F9-A78C-442F-AAB0-88AA140428BB} = {C0940068-24A2-4C45-B186-9FC33F9D8AB3}
		{026DBDDB-1EBB-48AE-AA41-A31AA66D5AA6} = {3E50C573-372D-42F2-94B3-33B2E8C978F4}
		{2B7194BE-D7F5-459B-8738-F086BD0CF413} = {3E50C573-372D-42F2-94B3-33B2E8C978F4}
		{2E708B46-8BED-4F82-9837-82EB8EE68D86} = {3E50C573-372D-42F2-94B3-33B2E8C978F4}
	EndGlobalSection
	GlobalSection(ExtensibilityGlobals) = postSolution
		SolutionGuid = {E43AC0B1-9204-46F5-A862-EC7184086228}
	EndGlobalSection
EndGlobal
